
Microsoft Visual Studio Solution File, Format Version 12.00
# Visual Studio Version 17
VisualStudioVersion = 17.11.35312.102
MinimumVisualStudioVersion = 10.0.40219.1
Project("{FAE04EC0-301F-11D3-BF4B-00C04F79EFBC}") = "API-JSON", "API-JSON\API-JSON.csproj", "{42027586-51B1-499D-AE0F-E3D0725EB0A6}"
EndProject
Global
	GlobalSection(SolutionConfigurationPlatforms) = preSolution
		Debug|Any CPU = Debug|Any CPU
		Release|Any CPU = Release|Any CPU
	EndGlobalSection
	GlobalSection(ProjectConfigurationPlatforms) = postSolution
		{42027586-51B1-499D-AE0F-E3D0725EB0A6}.Debug|Any CPU.ActiveCfg = Debug|Any CPU
		{42027586-51B1-499D-AE0F-E3D0725EB0A6}.Debug|Any CPU.Build.0 = Debug|Any CPU
		{42027586-51B1-499D-AE0F-E3D0725EB0A6}.Release|Any CPU.ActiveCfg = Release|Any CPU
		{42027586-51B1-499D-AE0F-E3D0725EB0A6}.Release|Any CPU.Build.0 = Release|Any CPU
	EndGlobalSection
	GlobalSection(SolutionProperties) = preSolution
		HideSolutionNode = FALSE
	EndGlobalSection
	GlobalSection(ExtensibilityGlobals) = postSolution
		SolutionGuid = {17D31728-3E3A-4602-AE39-F1021D1373AC}
	EndGlobalSection
EndGlobal
